
Microsoft Visual Studio Solution File, Format Version 12.00
# Visual Studio Version 17
VisualStudioVersion = 17.10.35013.160
MinimumVisualStudioVersion = 10.0.40219.1
Project("{FAE04EC0-301F-11D3-BF4B-00C04F79EFBC}") = "HandsOnEFDB", "HandsOnEFDB.csproj", "{5AA46CE1-6936-493C-9FA1-919F6356C851}"
EndProject
Global
	GlobalSection(SolutionConfigurationPlatforms) = preSolution
		Debug|Any CPU = Debug|Any CPU
		Release|Any CPU = Release|Any CPU
	EndGlobalSection
	GlobalSection(ProjectConfigurationPlatforms) = postSolution
		{5AA46CE1-6936-493C-9FA1-919F6356C851}.Debug|Any CPU.ActiveCfg = Debug|Any CPU
		{5AA46CE1-6936-493C-9FA1-919F6356C851}.Debug|Any CPU.Build.0 = Debug|Any CPU
		{5AA46CE1-6936-493C-9FA1-919F6356C851}.Release|Any CPU.ActiveCfg = Release|Any CPU
		{5AA46CE1-6936-493C-9FA1-919F6356C851}.Release|Any CPU.Build.0 = Release|Any CPU
	EndGlobalSection
	GlobalSection(SolutionProperties) = preSolution
		HideSolutionNode = FALSE
	EndGlobalSection
	GlobalSection(ExtensibilityGlobals) = postSolution
		SolutionGuid = {C47E2EA7-D6F6-4AFC-8A30-CB2C47E10726}
	EndGlobalSection
EndGlobal
